
Microsoft Visual Studio Solution File, Format Version 12.00
# Visual Studio 15
VisualStudioVersion = 15.0.27004.2002
MinimumVisualStudioVersion = 10.0.40219.1
Project("{FAE04EC0-301F-11D3-BF4B-00C04F79EFBC}") = "MagicPurse", "MagicPurse\MagicPurse.csproj", "{DC17D9FD-4BC1-492F-8D7D-26C15162DC68}"
EndProject
Project("{FAE04EC0-301F-11D3-BF4B-00C04F79EFBC}") = "MagicPurse.Tests", "MagicPurse.Tests\MagicPurse.Tests.csproj", "{5BBDC7CA-8792-413A-A688-1330C4BE3EA5}"
EndProject
Global
	GlobalSection(SolutionConfigurationPlatforms) = preSolution
		Debug|Any CPU = Debug|Any CPU
		Release|Any CPU = Release|Any CPU
	EndGlobalSection
	GlobalSection(ProjectConfigurationPlatforms) = postSolution
		{DC17D9FD-4BC1-492F-8D7D-26C15162DC68}.Debug|Any CPU.ActiveCfg = Debug|Any CPU
		{DC17D9FD-4BC1-492F-8D7D-26C15162DC68}.Debug|Any CPU.Build.0 = Debug|Any CPU
		{DC17D9FD-4BC1-492F-8D7D-26C15162DC68}.Release|Any CPU.ActiveCfg = Release|Any CPU
		{DC17D9FD-4BC1-492F-8D7D-26C15162DC68}.Release|Any CPU.Build.0 = Release|Any CPU
		{5BBDC7CA-8792-413A-A688-1330C4BE3EA5}.Debug|Any CPU.ActiveCfg = Debug|Any CPU
		{5BBDC7CA-8792-413A-A688-1330C4BE3EA5}.Debug|Any CPU.Build.0 = Debug|Any CPU
		{5BBDC7CA-8792-413A-A688-1330C4BE3EA5}.Release|Any CPU.ActiveCfg = Release|Any CPU
		{5BBDC7CA-8792-413A-A688-1330C4BE3EA5}.Release|Any CPU.Build.0 = Release|Any CPU
	EndGlobalSection
	GlobalSection(SolutionProperties) = preSolution
		HideSolutionNode = FALSE
	EndGlobalSection
	GlobalSection(ExtensibilityGlobals) = postSolution
		SolutionGuid = {03B81ADD-DD76-4486-8F46-26A4694580E3}
	EndGlobalSection
EndGlobal
